{
  "name": "enyuauto",
  "version": "1.0.0",
  "lockfileVersion": 3,
  "requires": true,
  "packages": {
    "": {
      "name": "enyuauto",
      "version": "1.0.0",
      "license": "ISC",
      "dependencies": {
        "@gzhangx/googleapi": "^0.0.80"
      }
    },
    "node_modules/@gzhangx/googleapi": {
      "version": "0.0.80",
      "resolved": "https://registry.npmjs.org/@gzhangx/googleapi/-/googleapi-0.0.80.tgz",
      "integrity": "sha512-KFJfu0EyJYkGH6QpxGuA/Tb3cOZ3P1fwaGghOvFd6zR24ZMdtAjH0lSyR477evt7up1R4z+SDqzeUGNL733cpQ==",
      "license": "ISC"
    }
  }
}
